// !$*UTF8*$!
{
	archiveVersion = 1;
	classes = {
	};
	objectVersion = 56;
	objects = {

/* Begin PBXBuildFile section */
		3F5E9B60291D2603007111A3 /* AppDelegate.swift in Sources */ = {isa = PBXBuildFile; fileRef = 3F5E9B5F291D2603007111A3 /* AppDelegate.swift */; };
		3F5E9B62291D2603007111A3 /* SceneDelegate.swift in Sources */ = {isa = PBXBuildFile; fileRef = 3F5E9B61291D2603007111A3 /* SceneDelegate.swift */; };
		3F5E9B64291D2603007111A3 /* ViewController.swift in Sources */ = {isa = PBXBuildFile; fileRef = 3F5E9B63291D2603007111A3 /* ViewController.swift */; };
		3F5E9B67291D2603007111A3 /* Main.storyboard in Resources */ = {isa = PBXBuildFile; fileRef = 3F5E9B65291D2603007111A3 /* Main.storyboard */; };
		3F5E9B69291D2605007111A3 /* Assets.xcassets in Resources */ = {isa = PBXBuildFile; fileRef = 3F5E9B68291D2605007111A3 /* Assets.xcassets */; };
		3F5E9B6C291D2605007111A3 /* LaunchScreen.storyboard in Resources */ = {isa = PBXBuildFile; fileRef = 3F5E9B6A291D2605007111A3 /* LaunchScreen.storyboard */; };
		3F5E9B77291D2605007111A3 /* TipsterTests.swift in Sources */ = {isa = PBXBuildFile; fileRef = 3F5E9B76291D2605007111A3 /* TipsterTests.swift */; };
		3F5E9B81291D2605007111A3 /* TipsterUITests.swift in Sources */ = {isa = PBXBuildFile; fileRef = 3F5E9B80291D2605007111A3 /* TipsterUITests.swift */; };
		3F5E9B83291D2605007111A3 /* TipsterUITestsLaunchTests.swift in Sources */ = {isa = PBXBuildFile; fileRef = 3F5E9B82291D2605007111A3 /* TipsterUITestsLaunchTests.swift */; };
/* End PBXBuildFile section */

/* Begin PBXContainerItemProxy section */
		3F5E9B73291D2605007111A3 /* PBXContainerItemProxy */ = {
			isa = PBXContainerItemProxy;
			containerPortal = 3F5E9B54291D2603007111A3 /* Project object */;
			proxyType = 1;
			remoteGlobalIDString = 3F5E9B5B291D2603007111A3;
			remoteInfo = Tipster;
		};
		3F5E9B7D291D2605007111A3 /* PBXContainerItemProxy */ = {
			isa = PBXContainerItemProxy;
			containerPortal = 3F5E9B54291D2603007111A3 /* Project object */;
			proxyType = 1;
			remoteGlobalIDString = 3F5E9B5B291D2603007111A3;
			remoteInfo = Tipster;
		};
/* End PBXContainerItemProxy section */

/* Begin PBXFileReference section */
		3F5E9B5C291D2603007111A3 /* Tipster.app */ = {isa = PBXFileReference; explicitFileType = wrapper.application; includeInIndex = 0; path = Tipster.app; sourceTree = BUILT_PRODUCTS_DIR; };
		3F5E9B5F291D2603007111A3 /* AppDelegate.swift */ = {isa = PBXFileReference; lastKnownFileType = sourcecode.swift; path = AppDelegate.swift; sourceTree = "<group>"; };
		3F5E9B61291D2603007111A3 /* SceneDelegate.swift */ = {isa = PBXFileReference; lastKnownFileType = sourcecode.swift; path = SceneDelegate.swift; sourceTree = "<group>"; };
		3F5E9B63291D2603007111A3 /* ViewController.swift */ = {isa = PBXFileReference; lastKnownFileType = sourcecode.swift; path = ViewController.swift; sourceTree = "<group>"; };
		3F5E9B66291D2603007111A3 /* Base */ = {isa = PBXFileReference; lastKnownFileType = file.storyboard; name = Base; path = Base.lproj/Main.storyboard; sourceTree = "<group>"; };
		3F5E9B68291D2605007111A3 /* Assets.xcassets */ = {isa = PBXFileReference; lastKnownFileType = folder.assetcatalog; path = Assets.xcassets; sourceTree = "<group>"; };
		3F5E9B6B291D2605007111A3 /* Base */ = {isa = PBXFileReference; lastKnownFileType = file.storyboard; name = Base; path = Base.lproj/LaunchScreen.storyboard; sourceTree = "<group>"; };
		3F5E9B6D291D2605007111A3 /* Info.plist */ = {isa = PBXFileReference; lastKnownFileType = text.plist.xml; path = Info.plist; sourceTree = "<group>"; };
		3F5E9B72291D2605007111A3 /* TipsterTests.xctest */ = {isa = PBXFileReference; explicitFileType = wrapper.cfbundle; includeInIndex = 0; path = TipsterTests.xctest; sourceTree = BUILT_PRODUCTS_DIR; };
		3F5E9B76291D2605007111A3 /* TipsterTests.swift */ = {isa = PBXFileReference; lastKnownFileType = sourcecode.swift; path = TipsterTests.swift; sourceTree = "<group>"; };
		3F5E9B7C291D2605007111A3 /* TipsterUITests.xctest */ = {isa = PBXFileReference; explicitFileType = wrapper.cfbundle; includeInIndex = 0; path = TipsterUITests.xctest; sourceTree = BUILT_PRODUCTS_DIR; };
		3F5E9B80291D2605007111A3 /* TipsterUITests.swift */ = {isa = PBXFileReference; lastKnownFileType = sourcecode.swift; path = TipsterUITests.swift; sourceTree = "<group>"; };
		3F5E9B82291D2605007111A3 /* TipsterUITestsLaunchTests.swift */ = {isa = PBXFileReference; lastKnownFileType = sourcecode.swift; path = TipsterUITestsLaunchTests.swift; sourceTree = "<group>"; };
/* End PBXFileReference section */

/* Begin PBXFrameworksBuildPhase section */
		3F5E9B59291D2603007111A3 /* Frameworks */ = {
			isa = PBXFrameworksBuildPhase;
			buildActionMask = 2147483647;
			files = (
			);
			runOnlyForDeploymentPostprocessing = 0;
		};
		3F5E9B6F291D2605007111A3 /* Frameworks */ = {
			isa = PBXFrameworksBuildPhase;
			buildActionMask = 2147483647;
			files = (
			);
			runOnlyForDeploymentPostprocessing = 0;
		};
		3F5E9B79291D2605007111A3 /* Frameworks */ = {
			isa = PBXFrameworksBuildPhase;
			buildActionMask = 2147483647;
			files = (
			);
			runOnlyForDeploymentPostprocessing = 0;
		};
/* End PBXFrameworksBuildPhase section */

/* Begin PBXGroup section */
		3F5E9B53291D2603007111A3 = {
			isa = PBXGroup;
			children = (
				3F5E9B5E291D2603007111A3 /* Tipster */,
				3F5E9B75291D2605007111A3 /* TipsterTests */,
				3F5E9B7F291D2605007111A3 /* TipsterUITests */,
				3F5E9B5D291D2603007111A3 /* Products */,
			);
			sourceTree = "<group>";
		};
		3F5E9B5D291D2603007111A3 /* Products */ = {
			isa = PBXGroup;
			children = (
				3F5E9B5C291D2603007111A3 /* Tipster.app */,
				3F5E9B72291D2605007111A3 /* TipsterTests.xctest */,
				3F5E9B7C291D2605007111A3 /* TipsterUITests.xctest */,
			);
			name = Products;
			sourceTree = "<group>";
		};
		3F5E9B5E291D2603007111A3 /* Tipster */ = {
			isa = PBXGroup;
			children = (
				3F5E9B5F291D2603007111A3 /* AppDelegate.swift */,
				3F5E9B61291D2603007111A3 /* SceneDelegate.swift */,
				3F5E9B63291D2603007111A3 /* ViewController.swift */,
				3F5E9B65291D2603007111A3 /* Main.storyboard */,
				3F5E9B68291D2605007111A3 /* Assets.xcassets */,
				3F5E9B6A291D2605007111A3 /* LaunchScreen.storyboard */,
				3F5E9B6D291D2605007111A3 /* Info.plist */,
			);
			path = Tipster;
			sourceTree = "<group>";
		};
		3F5E9B75291D2605007111A3 /* TipsterTests */ = {
			isa = PBXGroup;
			children = (
				3F5E9B76291D2605007111A3 /* TipsterTests.swift */,
			);
			path = TipsterTests;
			sourceTree = "<group>";
		};
		3F5E9B7F291D2605007111A3 /* TipsterUITests */ = {
			isa = PBXGroup;
			children = (
				3F5E9B80291D2605007111A3 /* TipsterUITests.swift */,
				3F5E9B82291D2605007111A3 /* TipsterUITestsLaunchTests.swift */,
			);
			path = TipsterUITests;
			sourceTree = "<group>";
		};
/* End PBXGroup section */

/* Begin PBXNativeTarget section */
		3F5E9B5B291D2603007111A3 /* Tipster */ = {
			isa = PBXNativeTarget;
			buildConfigurationList = 3F5E9B86291D2605007111A3 /* Build configuration list for PBXNativeTarget "Tipster" */;
			buildPhases = (
				3F5E9B58291D2603007111A3 /* Sources */,
				3F5E9B59291D2603007111A3 /* Frameworks */,
				3F5E9B5A291D2603007111A3 /* Resources */,
			);
			buildRules = (
			);
			dependencies = (
			);
			name = Tipster;
			productName = Tipster;
			productReference = 3F5E9B5C291D2603007111A3 /* Tipster.app */;
			productType = "com.apple.product-type.application";
		};
		3F5E9B71291D2605007111A3 /* TipsterTests */ = {
			isa = PBXNativeTarget;
			buildConfigurationList = 3F5E9B89291D2605007111A3 /* Build configuration list for PBXNativeTarget "TipsterTests" */;
			buildPhases = (
				3F5E9B6E291D2605007111A3 /* Sources */,
				3F5E9B6F291D2605007111A3 /* Frameworks */,
				3F5E9B70291D2605007111A3 /* Resources */,
			);
			buildRules = (
			);
			dependencies = (
				3F5E9B74291D2605007111A3 /* PBXTargetDependency */,
			);
			name = TipsterTests;
			productName = TipsterTests;
			productReference = 3F5E9B72291D2605007111A3 /* TipsterTests.xctest */;
			productType = "com.apple.product-type.bundle.unit-test";
		};
		3F5E9B7B291D2605007111A3 /* TipsterUITests */ = {
			isa = PBXNativeTarget;
			buildConfigurationList = 3F5E9B8C291D2605007111A3 /* Build configuration list for PBXNativeTarget "TipsterUITests" */;
			buildPhases = (
				3F5E9B78291D2605007111A3 /* Sources */,
				3F5E9B79291D2605007111A3 /* Frameworks */,
				3F5E9B7A291D2605007111A3 /* Resources */,
			);
			buildRules = (
			);
			dependencies = (
				3F5E9B7E291D2605007111A3 /* PBXTargetDependency */,
			);
			name = TipsterUITests;
			productName = TipsterUITests;
			productReference = 3F5E9B7C291D2605007111A3 /* TipsterUITests.xctest */;
			productType = "com.apple.product-type.bundle.ui-testing";
		};
/* End PBXNativeTarget section */

/* Begin PBXProject section */
		3F5E9B54291D2603007111A3 /* Project object */ = {
			isa = PBXProject;
			attributes = {
				BuildIndependentTargetsInParallel = 1;
				LastSwiftUpdateCheck = 1410;
				LastUpgradeCheck = 1410;
				TargetAttributes = {
					3F5E9B5B291D2603007111A3 = {
						CreatedOnToolsVersion = 14.1;
					};
					3F5E9B71291D2605007111A3 = {
						CreatedOnToolsVersion = 14.1;
						TestTargetID = 3F5E9B5B291D2603007111A3;
					};
					3F5E9B7B291D2605007111A3 = {
						CreatedOnToolsVersion = 14.1;
						TestTargetID = 3F5E9B5B291D2603007111A3;
					};
				};
			};
			buildConfigurationList = 3F5E9B57291D2603007111A3 /* Build configuration list for PBXProject "Tipster" */;
			compatibilityVersion = "Xcode 14.0";
			developmentRegion = en;
			hasScannedForEncodings = 0;
			knownRegions = (
				en,
				Base,
			);
			mainGroup = 3F5E9B53291D2603007111A3;
			productRefGroup = 3F5E9B5D291D2603007111A3 /* Products */;
			projectDirPath = "";
			projectRoot = "";
			targets = (
				3F5E9B5B291D2603007111A3 /* Tipster */,
				3F5E9B71291D2605007111A3 /* TipsterTests */,
				3F5E9B7B291D2605007111A3 /* TipsterUITests */,
			);
		};
/* End PBXProject section */

/* Begin PBXResourcesBuildPhase section */
		3F5E9B5A291D2603007111A3 /* Resources */ = {
			isa = PBXResourcesBuildPhase;
			buildActionMask = 2147483647;
			files = (
				3F5E9B6C291D2605007111A3 /* LaunchScreen.storyboard in Resources */,
				3F5E9B69291D2605007111A3 /* Assets.xcassets in Resources */,
				3F5E9B67291D2603007111A3 /* Main.storyboard in Resources */,
			);
			runOnlyForDeploymentPostprocessing = 0;
		};
		3F5E9B70291D2605007111A3 /* Resources */ = {
			isa = PBXResourcesBuildPhase;
			buildActionMask = 2147483647;
			files = (
			);
			runOnlyForDeploymentPostprocessing = 0;
		};
		3F5E9B7A291D2605007111A3 /* Resources */ = {
			isa = PBXResourcesBuildPhase;
			buildActionMask = 2147483647;
			files = (
			);
			runOnlyForDeploymentPostprocessing = 0;
		};
/* End PBXResourcesBuildPhase section */

/* Begin PBXSourcesBuildPhase section */
		3F5E9B58291D2603007111A3 /* Sources */ = {
			isa = PBXSourcesBuildPhase;
			buildActionMask = 2147483647;
			files = (
				3F5E9B64291D2603007111A3 /* ViewController.swift in Sources */,
				3F5E9B60291D2603007111A3 /* AppDelegate.swift in Sources */,
				3F5E9B62291D2603007111A3 /* SceneDelegate.swift in Sources */,
			);
			runOnlyForDeploymentPostprocessing = 0;
		};
		3F5E9B6E291D2605007111A3 /* Sources */ = {
			isa = PBXSourcesBuildPhase;
			buildActionMask = 2147483647;
			files = (
				3F5E9B77291D2605007111A3 /* TipsterTests.swift in Sources */,
			);
			runOnlyForDeploymentPostprocessing = 0;
		};
		3F5E9B78291D2605007111A3 /* Sources */ = {
			isa = PBXSourcesBuildPhase;
			buildActionMask = 2147483647;
			files = (
				3F5E9B83291D2605007111A3 /* TipsterUITestsLaunchTests.swift in Sources */,
				3F5E9B81291D2605007111A3 /* TipsterUITests.swift in Sources */,
			);
			runOnlyForDeploymentPostprocessing = 0;
		};
/* End PBXSourcesBuildPhase section */

/* Begin PBXTargetDependency section */
		3F5E9B74291D2605007111A3 /* PBXTargetDependency */ = {
			isa = PBXTargetDependency;
			target = 3F5E9B5B291D2603007111A3 /* Tipster */;
			targetProxy = 3F5E9B73291D2605007111A3 /* PBXContainerItemProxy */;
		};
		3F5E9B7E291D2605007111A3 /* PBXTargetDependency */ = {
			isa = PBXTargetDependency;
			target = 3F5E9B5B291D2603007111A3 /* Tipster */;
			targetProxy = 3F5E9B7D291D2605007111A3 /* PBXContainerItemProxy */;
		};
/* End PBXTargetDependency section */

/* Begin PBXVariantGroup section */
		3F5E9B65291D2603007111A3 /* Main.storyboard */ = {
			isa = PBXVariantGroup;
			children = (
				3F5E9B66291D2603007111A3 /* Base */,
			);
			name = Main.storyboard;
			sourceTree = "<group>";
		};
		3F5E9B6A291D2605007111A3 /* LaunchScreen.storyboard */ = {
			isa = PBXVariantGroup;
			children = (
				3F5E9B6B291D2605007111A3 /* Base */,
			);
			name = LaunchScreen.storyboard;
			sourceTree = "<group>";
		};
/* End PBXVariantGroup section */

/* Begin XCBuildConfiguration section */
		3F5E9B84291D2605007111A3 /* Debug */ = {
			isa = XCBuildConfiguration;
			buildSettings = {
				ALWAYS_SEARCH_USER_PATHS = NO;
				CLANG_ANALYZER_NONNULL = YES;
				CLANG_ANALYZER_NUMBER_OBJECT_CONVERSION = YES_AGGRESSIVE;
				CLANG_CXX_LANGUAGE_STANDARD = "gnu++20";
				CLANG_ENABLE_MODULES = YES;
				CLANG_ENABLE_OBJC_ARC = YES;
				CLANG_ENABLE_OBJC_WEAK = YES;
				CLANG_WARN_BLOCK_CAPTURE_AUTORELEASING = YES;
				CLANG_WARN_BOOL_CONVERSION = YES;
				CLANG_WARN_COMMA = YES;
				CLANG_WARN_CONSTANT_CONVERSION = YES;
				CLANG_WARN_DEPRECATED_OBJC_IMPLEMENTATIONS = YES;
				CLANG_WARN_DIRECT_OBJC_ISA_USAGE = YES_ERROR;
				CLANG_WARN_DOCUMENTATION_COMMENTS = YES;
				CLANG_WARN_EMPTY_BODY = YES;
				CLANG_WARN_ENUM_CONVERSION = YES;
				CLANG_WARN_INFINITE_RECURSION = YES;
				CLANG_WARN_INT_CONVERSION = YES;
				CLANG_WARN_NON_LITERAL_NULL_CONVERSION = YES;
				CLANG_WARN_OBJC_IMPLICIT_RETAIN_SELF = YES;
				CLANG_WARN_OBJC_LITERAL_CONVERSION = YES;
				CLANG_WARN_OBJC_ROOT_CLASS = YES_ERROR;
				CLANG_WARN_QUOTED_INCLUDE_IN_FRAMEWORK_HEADER = YES;
				CLANG_WARN_RANGE_LOOP_ANALYSIS = YES;
				CLANG_WARN_STRICT_PROTOTYPES = YES;
				CLANG_WARN_SUSPICIOUS_MOVE = YES;
				CLANG_WARN_UNGUARDED_AVAILABILITY = YES_AGGRESSIVE;
				CLANG_WARN_UNREACHABLE_CODE = YES;
				CLANG_WARN__DUPLICATE_METHOD_MATCH = YES;
				COPY_PHASE_STRIP = NO;
				DEBUG_INFORMATION_FORMAT = dwarf;
				ENABLE_STRICT_OBJC_MSGSEND = YES;
				ENABLE_TESTABILITY = YES;
				GCC_C_LANGUAGE_STANDARD = gnu11;
				GCC_DYNAMIC_NO_PIC = NO;
				GCC_NO_COMMON_BLOCKS = YES;
				GCC_OPTIMIZATION_LEVEL = 0;
				GCC_PREPROCESSOR_DEFINITIONS = (
					"DEBUG=1",
					"$(inherited)",
				);
				GCC_WARN_64_TO_32_BIT_CONVERSION = YES;
				GCC_WARN_ABOUT_RETURN_TYPE = YES_ERROR;
				GCC_WARN_UNDECLARED_SELECTOR = YES;
				GCC_WARN_UNINITIALIZED_AUTOS = YES_AGGRESSIVE;
				GCC_WARN_UNUSED_FUNCTION = YES;
				GCC_WARN_UNUSED_VARIABLE = YES;
				IPHONEOS_DEPLOYMENT_TARGET = 16.1;
				MTL_ENABLE_DEBUG_INFO = INCLUDE_SOURCE;
				MTL_FAST_MATH = YES;
				ONLY_ACTIVE_ARCH = YES;
				SDKROOT = iphoneos;
				SWIFT_ACTIVE_COMPILATION_CONDITIONS = DEBUG;
				SWIFT_OPTIMIZATION_LEVEL = "-Onone";
			};
			name = Debug;
		};
		3F5E9B85291D2605007111A3 /* Release */ = {
			isa = XCBuildConfiguration;
			buildSettings = {
				ALWAYS_SEARCH_USER_PATHS = NO;
				CLANG_ANALYZER_NONNULL = YES;
				CLANG_ANALYZER_NUMBER_OBJECT_CONVERSION = YES_AGGRESSIVE;
				CLANG_CXX_LANGUAGE_STANDARD = "gnu++20";
				CLANG_ENABLE_MODULES = YES;
				CLANG_ENABLE_OBJC_ARC = YES;
				CLANG_ENABLE_OBJC_WEAK = YES;
				CLANG_WARN_BLOCK_CAPTURE_AUTORELEASING = YES;
				CLANG_WARN_BOOL_CONVERSION = YES;
				CLANG_WARN_COMMA = YES;
				CLANG_WARN_CONSTANT_CONVERSION = YES;
				CLANG_WARN_DEPRECATED_OBJC_IMPLEMENTATIONS = YES;
				CLANG_WARN_DIRECT_OBJC_ISA_USAGE = YES_ERROR;
				CLANG_WARN_DOCUMENTATION_COMMENTS = YES;
				CLANG_WARN_EMPTY_BODY = YES;
				CLANG_WARN_ENUM_CONVERSION = YES;
				CLANG_WARN_INFINITE_RECURSION = YES;
				CLANG_WARN_INT_CONVERSION = YES;
				CLANG_WARN_NON_LITERAL_NULL_CONVERSION = YES;
				CLANG_WARN_OBJC_IMPLICIT_RETAIN_SELF = YES;
				CLANG_WARN_OBJC_LITERAL_CONVERSION = YES;
				CLANG_WARN_OBJC_ROOT_CLASS = YES_ERROR;
				CLANG_WARN_QUOTED_INCLUDE_IN_FRAMEWORK_HEADER = YES;
				CLANG_WARN_RANGE_LOOP_ANALYSIS = YES;
				CLANG_WARN_STRICT_PROTOTYPES = YES;
				CLANG_WARN_SUSPICIOUS_MOVE = YES;
				CLANG_WARN_UNGUARDED_AVAILABILITY = YES_AGGRESSIVE;
				CLANG_WARN_UNREACHABLE_CODE = YES;
				CLANG_WARN__DUPLICATE_METHOD_MATCH = YES;
				COPY_PHASE_STRIP = NO;
				DEBUG_INFORMATION_FORMAT = "dwarf-with-dsym";
				ENABLE_NS_ASSERTIONS = NO;
				ENABLE_STRICT_OBJC_MSGSEND = YES;
				GCC_C_LANGUAGE_STANDARD = gnu11;
				GCC_NO_COMMON_BLOCKS = YES;
				GCC_WARN_64_TO_32_BIT_CONVERSION = YES;
				GCC_WARN_ABOUT_RETURN_TYPE = YES_ERROR;
				GCC_WARN_UNDECLARED_SELECTOR = YES;
				GCC_WARN_UNINITIALIZED_AUTOS = YES_AGGRESSIVE;
				GCC_WARN_UNUSED_FUNCTION = YES;
				GCC_WARN_UNUSED_VARIABLE = YES;
				IPHONEOS_DEPLOYMENT_TARGET = 16.1;
				MTL_ENABLE_DEBUG_INFO = NO;
				MTL_FAST_MATH = YES;
				SDKROOT = iphoneos;
				SWIFT_COMPILATION_MODE = wholemodule;
				SWIFT_OPTIMIZATION_LEVEL = "-O";
				VALIDATE_PRODUCT = YES;
			};
			name = Release;
		};
		3F5E9B87291D2605007111A3 /* Debug */ = {
			isa = XCBuildConfiguration;
			buildSettings = {
				ASSETCATALOG_COMPILER_APPICON_NAME = AppIcon;
				ASSETCATALOG_COMPILER_GLOBAL_ACCENT_COLOR_NAME = AccentColor;
				CODE_SIGN_STYLE = Automatic;
				CURRENT_PROJECT_VERSION = 1;
				GENERATE_INFOPLIST_FILE = YES;
				INFOPLIST_FILE = Tipster/Info.plist;
				INFOPLIST_KEY_UIApplicationSupportsIndirectInputEvents = YES;
				INFOPLIST_KEY_UILaunchStoryboardName = LaunchScreen;
				INFOPLIST_KEY_UIMainStoryboardFile = Main;
				INFOPLIST_KEY_UISupportedInterfaceOrientations_iPad = "UIInterfaceOrientationPortrait UIInterfaceOrientationPortraitUpsideDown UIInterfaceOrientationLandscapeLeft UIInterfaceOrientationLandscapeRight";
				INFOPLIST_KEY_UISupportedInterfaceOrientations_iPhone = "UIInterfaceOrientationPortrait UIInterfaceOrientationLandscapeLeft UIInterfaceOrientationLandscapeRight";
				LD_RUNPATH_SEARCH_PATHS = (
					"$(inherited)",
					"@executable_path/Frameworks",
				);
				MARKETING_VERSION = 1.0;
				PRODUCT_BUNDLE_IDENTIFIER = "Aamer-Essa.Tipster";
				PRODUCT_NAME = "$(TARGET_NAME)";
				SWIFT_EMIT_LOC_STRINGS = YES;
				SWIFT_VERSION = 5.0;
				TARGETED_DEVICE_FAMILY = "1,2";
			};
			name = Debug;
		};
		3F5E9B88291D2605007111A3 /* Release */ = {
			isa = XCBuildConfiguration;
			buildSettings = {
				ASSETCATALOG_COMPILER_APPICON_NAME = AppIcon;
				ASSETCATALOG_COMPILER_GLOBAL_ACCENT_COLOR_NAME = AccentColor;
				CODE_SIGN_STYLE = Automatic;
				CURRENT_PROJECT_VERSION = 1;
				GENERATE_INFOPLIST_FILE = YES;
				INFOPLIST_FILE = Tipster/Info.plist;
				INFOPLIST_KEY_UIApplicationSupportsIndirectInputEvents = YES;
				INFOPLIST_KEY_UILaunchStoryboardName = LaunchScreen;
				INFOPLIST_KEY_UIMainStoryboardFile = Main;
				INFOPLIST_KEY_UISupportedInterfaceOrientations_iPad = "UIInterfaceOrientationPortrait UIInterfaceOrientationPortraitUpsideDown UIInterfaceOrientationLandscapeLeft UIInterfaceOrientationLandscapeRight";
				INFOPLIST_KEY_UISupportedInterfaceOrientations_iPhone = "UIInterfaceOrientationPortrait UIInterfaceOrientationLandscapeLeft UIInterfaceOrientationLandscapeRight";
				LD_RUNPATH_SEARCH_PATHS = (
					"$(inherited)",
					"@executable_path/Frameworks",
				);
				MARKETING_VERSION = 1.0;
				PRODUCT_BUNDLE_IDENTIFIER = "Aamer-Essa.Tipster";
				PRODUCT_NAME = "$(TARGET_NAME)";
				SWIFT_EMIT_LOC_STRINGS = YES;
				SWIFT_VERSION = 5.0;
				TARGETED_DEVICE_FAMILY = "1,2";
			};
			name = Release;
		};
		3F5E9B8A291D2605007111A3 /* Debug */ = {
			isa = XCBuildConfiguration;
			buildSettings = {
				ALWAYS_EMBED_SWIFT_STANDARD_LIBRARIES = YES;
				BUNDLE_LOADER = "$(TEST_HOST)";
				CODE_SIGN_STYLE = Automatic;
				CURRENT_PROJECT_VERSION = 1;
				GENERATE_INFOPLIST_FILE = YES;
				IPHONEOS_DEPLOYMENT_TARGET = 16.1;
				MARKETING_VERSION = 1.0;
				PRODUCT_BUNDLE_IDENTIFIER = "Aamer-Essa.TipsterTests";
				PRODUCT_NAME = "$(TARGET_NAME)";
				SWIFT_EMIT_LOC_STRINGS = NO;
				SWIFT_VERSION = 5.0;
				TARGETED_DEVICE_FAMILY = "1,2";
				TEST_HOST = "$(BUILT_PRODUCTS_DIR)/Tipster.app/$(BUNDLE_EXECUTABLE_FOLDER_PATH)/Tipster";
			};
			name = Debug;
		};
		3F5E9B8B291D2605007111A3 /* Release */ = {
			isa = XCBuildConfiguration;
			buildSettings = {
				ALWAYS_EMBED_SWIFT_STANDARD_LIBRARIES = YES;
				BUNDLE_LOADER = "$(TEST_HOST)";
				CODE_SIGN_STYLE = Automatic;
				CURRENT_PROJECT_VERSION = 1;
				GENERATE_INFOPLIST_FILE = YES;
				IPHONEOS_DEPLOYMENT_TARGET = 16.1;
				MARKETING_VERSION = 1.0;
				PRODUCT_BUNDLE_IDENTIFIER = "Aamer-Essa.TipsterTests";
				PRODUCT_NAME = "$(TARGET_NAME)";
				SWIFT_EMIT_LOC_STRINGS = NO;
				SWIFT_VERSION = 5.0;
				TARGETED_DEVICE_FAMILY = "1,2";
				TEST_HOST = "$(BUILT_PRODUCTS_DIR)/Tipster.app/$(BUNDLE_EXECUTABLE_FOLDER_PATH)/Tipster";
			};
			name = Release;
		};
		3F5E9B8D291D2605007111A3 /* Debug */ = {
			isa = XCBuildConfiguration;
			buildSettings = {
				ALWAYS_EMBED_SWIFT_STANDARD_LIBRARIES = YES;
				CODE_SIGN_STYLE = Automatic;
				CURRENT_PROJECT_VERSION = 1;
				GENERATE_INFOPLIST_FILE = YES;
				MARKETING_VERSION = 1.0;
				PRODUCT_BUNDLE_IDENTIFIER = "Aamer-Essa.TipsterUITests";
				PRODUCT_NAME = "$(TARGET_NAME)";
				SWIFT_EMIT_LOC_STRINGS = NO;
				SWIFT_VERSION = 5.0;
				TARGETED_DEVICE_FAMILY = "1,2";
				TEST_TARGET_NAME = Tipster;
			};
			name = Debug;
		};
		3F5E9B8E291D2605007111A3 /* Release */ = {
			isa = XCBuildConfiguration;
			buildSettings = {
				ALWAYS_EMBED_SWIFT_STANDARD_LIBRARIES = YES;
				CODE_SIGN_STYLE = Automatic;
				CURRENT_PROJECT_VERSION = 1;
				GENERATE_INFOPLIST_FILE = YES;
				MARKETING_VERSION = 1.0;
				PRODUCT_BUNDLE_IDENTIFIER = "Aamer-Essa.TipsterUITests";
				PRODUCT_NAME = "$(TARGET_NAME)";
				SWIFT_EMIT_LOC_STRINGS = NO;
				SWIFT_VERSION = 5.0;
				TARGETED_DEVICE_FAMILY = "1,2";
				TEST_TARGET_NAME = Tipster;
			};
			name = Release;
		};
/* End XCBuildConfiguration section */

/* Begin XCConfigurationList section */
		3F5E9B57291D2603007111A3 /* Build configuration list for PBXProject "Tipster" */ = {
			isa = XCConfigurationList;
			buildConfigurations = (
				3F5E9B84291D2605007111A3 /* Debug */,
				3F5E9B85291D2605007111A3 /* Release */,
			);
			defaultConfigurationIsVisible = 0;
			defaultConfigurationName = Release;
		};
		3F5E9B86291D2605007111A3 /* Build configuration list for PBXNativeTarget "Tipster" */ = {
			isa = XCConfigurationList;
			buildConfigurations = (
				3F5E9B87291D2605007111A3 /* Debug */,
				3F5E9B88291D2605007111A3 /* Release */,
			);
			defaultConfigurationIsVisible = 0;
			defaultConfigurationName = Release;
		};
		3F5E9B89291D2605007111A3 /* Build configuration list for PBXNativeTarget "TipsterTests" */ = {
			isa = XCConfigurationList;
			buildConfigurations = (
				3F5E9B8A291D2605007111A3 /* Debug */,
				3F5E9B8B291D2605007111A3 /* Release */,
			);
			defaultConfigurationIsVisible = 0;
			defaultConfigurationName = Release;
		};
		3F5E9B8C291D2605007111A3 /* Build configuration list for PBXNativeTarget "TipsterUITests" */ = {
			isa = XCConfigurationList;
			buildConfigurations = (
				3F5E9B8D291D2605007111A3 /* Debug */,
				3F5E9B8E291D2605007111A3 /* Release */,
			);
			defaultConfigurationIsVisible = 0;
			defaultConfigurationName = Release;
		};
/* End XCConfigurationList section */
	};
	rootObject = 3F5E9B54291D2603007111A3 /* Project object */;
}
